PODS:
  - Forge (0.1.0)
  - Satin (0.2.0)

DEPENDENCIES:
  - "Forge (from `git@github.com:Hi-Rez/Forge.git`)"
  - Satin (from `../`)

EXTERNAL SOURCES:
  Forge:
    :git: "git@github.com:Hi-Rez/Forge.git"
  Satin:
    :path: "../"

CHECKOUT OPTIONS:
  Forge:
    :commit: 0d991b1e7bacd2209eb672fcbefac067355ba6a1
    :git: "git@github.com:Hi-Rez/Forge.git"

SPEC CHECKSUMS:
  Forge: 235ac8e6a6ac48d2db3be3bae3723ec6180b0ba1
  Satin: 9f47fbc7253d386ab5248fdf5227b1b35d68c1bc

PODFILE CHECKSUM: 860e31f72a546d9985fe4634bc461944f233f1a7

COCOAPODS: 1.7.5
