PODS:
  - Forge (0.1.0)
  - Satin (0.2.0)

DEPENDENCIES:
  - "Forge (from `git@github.com:Hi-Rez/Forge.git`)"
  - Satin (from `../`)

EXTERNAL SOURCES:
  Forge:
    :git: "git@github.com:Hi-Rez/Forge.git"
  Satin:
    :path: "../"

CHECKOUT OPTIONS:
  Forge:
    :commit: 2413128ad7dd22ecc57c3e31216ab6d5bbfd386d
    :git: "git@github.com:Hi-Rez/Forge.git"

SPEC CHECKSUMS:
  Forge: 235ac8e6a6ac48d2db3be3bae3723ec6180b0ba1
  Satin: 38cd644e7cb1a7defabc2d18ccb27c40223fdc1e

PODFILE CHECKSUM: 5851959c18d0c8ed9f62541f9e75187b5f3ed5b7

COCOAPODS: 1.8.4
