PODS:
  - Forge (0.0.8)
  - Satin (0.2.0)

DEPENDENCIES:
  - Forge (= 0.0.8)
  - Satin (from `../`)

SPEC REPOS:
  trunk:
    - Forge

EXTERNAL SOURCES:
  Satin:
    :path: "../"

SPEC CHECKSUMS:
  Forge: 9ab0ab1075eb9a48e3c4a70a5127d2cdd95fd490
  Satin: 9f47fbc7253d386ab5248fdf5227b1b35d68c1bc

PODFILE CHECKSUM: 2a0cd3108b6ecd4ff5a823629313a11f48ae72c5

COCOAPODS: 1.8.4
