// !$*UTF8*$!
{
	archiveVersion = 1;
	classes = {
	};
	objectVersion = 50;
	objects = {

/* Begin PBXBuildFile section */
		E10E4F21236F909700073EE4 /* ParameterParser.swift in Sources */ = {isa = PBXBuildFile; fileRef = E10E4F20236F909700073EE4 /* ParameterParser.swift */; };
		E10E4F22236F909700073EE4 /* ParameterParser.swift in Sources */ = {isa = PBXBuildFile; fileRef = E10E4F20236F909700073EE4 /* ParameterParser.swift */; };
		E10E4F23236F909700073EE4 /* ParameterParser.swift in Sources */ = {isa = PBXBuildFile; fileRef = E10E4F20236F909700073EE4 /* ParameterParser.swift */; };
		E10E4F2C236FACC700073EE4 /* UniformBuffer.swift in Sources */ = {isa = PBXBuildFile; fileRef = E10E4F2B236FACC700073EE4 /* UniformBuffer.swift */; };
		E10E4F2D236FACC700073EE4 /* UniformBuffer.swift in Sources */ = {isa = PBXBuildFile; fileRef = E10E4F2B236FACC700073EE4 /* UniformBuffer.swift */; };
		E10E4F2E236FACC700073EE4 /* UniformBuffer.swift in Sources */ = {isa = PBXBuildFile; fileRef = E10E4F2B236FACC700073EE4 /* UniformBuffer.swift */; };
		E12625152344BF94007DB8C6 /* ShadowUniforms.swift in Sources */ = {isa = PBXBuildFile; fileRef = E12625142344BF94007DB8C6 /* ShadowUniforms.swift */; };
		E12625162344BF94007DB8C6 /* ShadowUniforms.swift in Sources */ = {isa = PBXBuildFile; fileRef = E12625142344BF94007DB8C6 /* ShadowUniforms.swift */; };
		E12625172344BF94007DB8C6 /* ShadowUniforms.swift in Sources */ = {isa = PBXBuildFile; fileRef = E12625142344BF94007DB8C6 /* ShadowUniforms.swift */; };
		E12625272346C897007DB8C6 /* ArcballPerspectiveCamera.swift in Sources */ = {isa = PBXBuildFile; fileRef = E12625262346C897007DB8C6 /* ArcballPerspectiveCamera.swift */; };
		E12625282346C897007DB8C6 /* ArcballPerspectiveCamera.swift in Sources */ = {isa = PBXBuildFile; fileRef = E12625262346C897007DB8C6 /* ArcballPerspectiveCamera.swift */; };
		E12625292346C897007DB8C6 /* ArcballPerspectiveCamera.swift in Sources */ = {isa = PBXBuildFile; fileRef = E12625262346C897007DB8C6 /* ArcballPerspectiveCamera.swift */; };
		E12EACED23EB4AE1007D6208 /* Int2Parameter.swift in Sources */ = {isa = PBXBuildFile; fileRef = E12EACEC23EB4AE1007D6208 /* Int2Parameter.swift */; };
		E12EACEE23EB4AE1007D6208 /* Int2Parameter.swift in Sources */ = {isa = PBXBuildFile; fileRef = E12EACEC23EB4AE1007D6208 /* Int2Parameter.swift */; };
		E12EACEF23EB4AE1007D6208 /* Int2Parameter.swift in Sources */ = {isa = PBXBuildFile; fileRef = E12EACEC23EB4AE1007D6208 /* Int2Parameter.swift */; };
		E13610312329834000A01AFF /* IcoSphereGeometry.swift in Sources */ = {isa = PBXBuildFile; fileRef = E13610302329834000A01AFF /* IcoSphereGeometry.swift */; };
		E13610322329834000A01AFF /* IcoSphereGeometry.swift in Sources */ = {isa = PBXBuildFile; fileRef = E13610302329834000A01AFF /* IcoSphereGeometry.swift */; };
		E13610332329834000A01AFF /* IcoSphereGeometry.swift in Sources */ = {isa = PBXBuildFile; fileRef = E13610302329834000A01AFF /* IcoSphereGeometry.swift */; };
		E136103723299A0F00A01AFF /* CapsuleGeometry.swift in Sources */ = {isa = PBXBuildFile; fileRef = E136103623299A0F00A01AFF /* CapsuleGeometry.swift */; };
		E136103823299A0F00A01AFF /* CapsuleGeometry.swift in Sources */ = {isa = PBXBuildFile; fileRef = E136103623299A0F00A01AFF /* CapsuleGeometry.swift */; };
		E136103923299A0F00A01AFF /* CapsuleGeometry.swift in Sources */ = {isa = PBXBuildFile; fileRef = E136103623299A0F00A01AFF /* CapsuleGeometry.swift */; };
		E136103B2329B6A600A01AFF /* ParametricGeometry.swift in Sources */ = {isa = PBXBuildFile; fileRef = E136103A2329B6A600A01AFF /* ParametricGeometry.swift */; };
		E136103C2329B6A600A01AFF /* ParametricGeometry.swift in Sources */ = {isa = PBXBuildFile; fileRef = E136103A2329B6A600A01AFF /* ParametricGeometry.swift */; };
		E136103D2329B6A600A01AFF /* ParametricGeometry.swift in Sources */ = {isa = PBXBuildFile; fileRef = E136103A2329B6A600A01AFF /* ParametricGeometry.swift */; };
		E13A6446231C25E90021CF4F /* SphereGeometry.swift in Sources */ = {isa = PBXBuildFile; fileRef = E13A6445231C25E90021CF4F /* SphereGeometry.swift */; };
		E13A6447231C25E90021CF4F /* SphereGeometry.swift in Sources */ = {isa = PBXBuildFile; fileRef = E13A6445231C25E90021CF4F /* SphereGeometry.swift */; };
		E13A6448231C25E90021CF4F /* SphereGeometry.swift in Sources */ = {isa = PBXBuildFile; fileRef = E13A6445231C25E90021CF4F /* SphereGeometry.swift */; };
		E13C969422E6482C00D6FEB0 /* Satin.h in Headers */ = {isa = PBXBuildFile; fileRef = E13C969222E6482C00D6FEB0 /* Satin.h */; settings = {ATTRIBUTES = (Public, ); }; };
		E13F425B2316686900D94603 /* BoxGeometry.swift in Sources */ = {isa = PBXBuildFile; fileRef = E13F425A2316686900D94603 /* BoxGeometry.swift */; };
		E13F425C2316686900D94603 /* BoxGeometry.swift in Sources */ = {isa = PBXBuildFile; fileRef = E13F425A2316686900D94603 /* BoxGeometry.swift */; };
		E13F425D2316686900D94603 /* BoxGeometry.swift in Sources */ = {isa = PBXBuildFile; fileRef = E13F425A2316686900D94603 /* BoxGeometry.swift */; };
		E159A34222E8F04400909A28 /* Material.swift in Sources */ = {isa = PBXBuildFile; fileRef = E159A34122E8F04400909A28 /* Material.swift */; };
		E159A34322E8F04400909A28 /* Material.swift in Sources */ = {isa = PBXBuildFile; fileRef = E159A34122E8F04400909A28 /* Material.swift */; };
		E15B218C23061F4500A7038E /* PerspectiveCamera.swift in Sources */ = {isa = PBXBuildFile; fileRef = E15B218B23061F4500A7038E /* PerspectiveCamera.swift */; };
		E15B218D23061F4500A7038E /* PerspectiveCamera.swift in Sources */ = {isa = PBXBuildFile; fileRef = E15B218B23061F4500A7038E /* PerspectiveCamera.swift */; };
		E1670B8A2331C04F00107129 /* GesturalCameraController.swift in Sources */ = {isa = PBXBuildFile; fileRef = E1670B892331C04F00107129 /* GesturalCameraController.swift */; };
		E1670B8C2331C1C800107129 /* Pipelines.swift in Sources */ = {isa = PBXBuildFile; fileRef = E1670B8B2331C1C800107129 /* Pipelines.swift */; };
		E1670B8D2331C1C800107129 /* Pipelines.swift in Sources */ = {isa = PBXBuildFile; fileRef = E1670B8B2331C1C800107129 /* Pipelines.swift */; };
		E1670B8E2331C1C800107129 /* Pipelines.swift in Sources */ = {isa = PBXBuildFile; fileRef = E1670B8B2331C1C800107129 /* Pipelines.swift */; };
		E1670B9A2331C77E00107129 /* Simd+Extensions.swift in Sources */ = {isa = PBXBuildFile; fileRef = E1670B992331C77E00107129 /* Simd+Extensions.swift */; };
		E1670B9B2331C77E00107129 /* Simd+Extensions.swift in Sources */ = {isa = PBXBuildFile; fileRef = E1670B992331C77E00107129 /* Simd+Extensions.swift */; };
		E1670B9C2331C77E00107129 /* Simd+Extensions.swift in Sources */ = {isa = PBXBuildFile; fileRef = E1670B992331C77E00107129 /* Simd+Extensions.swift */; };
		E16E1A2523F2844F0095561D /* Int3Parameter.swift in Sources */ = {isa = PBXBuildFile; fileRef = E16E1A2423F2844F0095561D /* Int3Parameter.swift */; };
		E16E1A2623F2844F0095561D /* Int3Parameter.swift in Sources */ = {isa = PBXBuildFile; fileRef = E16E1A2423F2844F0095561D /* Int3Parameter.swift */; };
		E16E1A2723F2844F0095561D /* Int3Parameter.swift in Sources */ = {isa = PBXBuildFile; fileRef = E16E1A2423F2844F0095561D /* Int3Parameter.swift */; };
		E16E1A2923F28A580095561D /* Int4Parameter.swift in Sources */ = {isa = PBXBuildFile; fileRef = E16E1A2823F28A580095561D /* Int4Parameter.swift */; };
		E16E1A2A23F28A580095561D /* Int4Parameter.swift in Sources */ = {isa = PBXBuildFile; fileRef = E16E1A2823F28A580095561D /* Int4Parameter.swift */; };
		E16E1A2B23F28A580095561D /* Int4Parameter.swift in Sources */ = {isa = PBXBuildFile; fileRef = E16E1A2823F28A580095561D /* Int4Parameter.swift */; };
		E188243122F8E391001DC5E9 /* OrthographicCamera.swift in Sources */ = {isa = PBXBuildFile; fileRef = E188243022F8E391001DC5E9 /* OrthographicCamera.swift */; };
		E188243222F8E391001DC5E9 /* OrthographicCamera.swift in Sources */ = {isa = PBXBuildFile; fileRef = E188243022F8E391001DC5E9 /* OrthographicCamera.swift */; };
		E188243422F9F1EF001DC5E9 /* MetalFileCompiler.swift in Sources */ = {isa = PBXBuildFile; fileRef = E188243322F9F1EF001DC5E9 /* MetalFileCompiler.swift */; };
		E188243522F9F1EF001DC5E9 /* MetalFileCompiler.swift in Sources */ = {isa = PBXBuildFile; fileRef = E188243322F9F1EF001DC5E9 /* MetalFileCompiler.swift */; };
		E190D679230F430B00034600 /* Pipelines in Resources */ = {isa = PBXBuildFile; fileRef = E190D678230F430B00034600 /* Pipelines */; };
		E190D67A230F430B00034600 /* Pipelines in Resources */ = {isa = PBXBuildFile; fileRef = E190D678230F430B00034600 /* Pipelines */; };
		E190D67B230F430B00034600 /* Pipelines in Resources */ = {isa = PBXBuildFile; fileRef = E190D678230F430B00034600 /* Pipelines */; };
		E1936994233BC62400955737 /* BasicColorMaterial.swift in Sources */ = {isa = PBXBuildFile; fileRef = E1936993233BC62400955737 /* BasicColorMaterial.swift */; };
		E1936995233BC62400955737 /* BasicColorMaterial.swift in Sources */ = {isa = PBXBuildFile; fileRef = E1936993233BC62400955737 /* BasicColorMaterial.swift */; };
		E1936996233BC62400955737 /* BasicColorMaterial.swift in Sources */ = {isa = PBXBuildFile; fileRef = E1936993233BC62400955737 /* BasicColorMaterial.swift */; };
		E193699A233BCC5200955737 /* Paths.swift in Sources */ = {isa = PBXBuildFile; fileRef = E1936999233BCC5200955737 /* Paths.swift */; };
		E193699B233BCC5200955737 /* Paths.swift in Sources */ = {isa = PBXBuildFile; fileRef = E1936999233BCC5200955737 /* Paths.swift */; };
		E193699C233BCC5200955737 /* Paths.swift in Sources */ = {isa = PBXBuildFile; fileRef = E1936999233BCC5200955737 /* Paths.swift */; };
		E193699E233BE4A500955737 /* Context.swift in Sources */ = {isa = PBXBuildFile; fileRef = E193699D233BE4A500955737 /* Context.swift */; };
		E193699F233BE4A500955737 /* Context.swift in Sources */ = {isa = PBXBuildFile; fileRef = E193699D233BE4A500955737 /* Context.swift */; };
		E19369A0233BE4A500955737 /* Context.swift in Sources */ = {isa = PBXBuildFile; fileRef = E193699D233BE4A500955737 /* Context.swift */; };
		E19369CF2342590500955737 /* ShadowMaterial.swift in Sources */ = {isa = PBXBuildFile; fileRef = E19369CE2342590500955737 /* ShadowMaterial.swift */; };
		E19369D02342590500955737 /* ShadowMaterial.swift in Sources */ = {isa = PBXBuildFile; fileRef = E19369CE2342590500955737 /* ShadowMaterial.swift */; };
		E19369D12342590500955737 /* ShadowMaterial.swift in Sources */ = {isa = PBXBuildFile; fileRef = E19369CE2342590500955737 /* ShadowMaterial.swift */; };
		E19B69602315E1D10001B1A8 /* FileWatcher.swift in Sources */ = {isa = PBXBuildFile; fileRef = E19B695F2315E1D10001B1A8 /* FileWatcher.swift */; };
		E19B69612315E1D10001B1A8 /* FileWatcher.swift in Sources */ = {isa = PBXBuildFile; fileRef = E19B695F2315E1D10001B1A8 /* FileWatcher.swift */; };
		E19B69622315E1D10001B1A8 /* FileWatcher.swift in Sources */ = {isa = PBXBuildFile; fileRef = E19B695F2315E1D10001B1A8 /* FileWatcher.swift */; };
		E19FA5BE22E7CB3E00A43BB4 /* Geometry.swift in Sources */ = {isa = PBXBuildFile; fileRef = E19FA5BD22E7CB3E00A43BB4 /* Geometry.swift */; };
		E19FA5C222E7CB6500A43BB4 /* Object.swift in Sources */ = {isa = PBXBuildFile; fileRef = E19FA5C122E7CB6500A43BB4 /* Object.swift */; };
		E19FA5C922E7CC2200A43BB4 /* Vertex.swift in Sources */ = {isa = PBXBuildFile; fileRef = E19FA5C822E7CC2200A43BB4 /* Vertex.swift */; };
		E19FA5CB22E7CC3E00A43BB4 /* Mesh.swift in Sources */ = {isa = PBXBuildFile; fileRef = E19FA5CA22E7CC3E00A43BB4 /* Mesh.swift */; };
		E19FA5CD22E7CC7900A43BB4 /* VertexUniforms.swift in Sources */ = {isa = PBXBuildFile; fileRef = E19FA5CC22E7CC7900A43BB4 /* VertexUniforms.swift */; };
		E19FA5CF22E7CCA400A43BB4 /* Camera.swift in Sources */ = {isa = PBXBuildFile; fileRef = E19FA5CE22E7CCA400A43BB4 /* Camera.swift */; };
		E19FA5D122E7CCB800A43BB4 /* Constants.swift in Sources */ = {isa = PBXBuildFile; fileRef = E19FA5D022E7CCB800A43BB4 /* Constants.swift */; };
		E19FA60022E7D89600A43BB4 /* Renderer.swift in Sources */ = {isa = PBXBuildFile; fileRef = E19FA5FF22E7D89600A43BB4 /* Renderer.swift */; };
		E19FA60222E7D8A400A43BB4 /* Math.swift in Sources */ = {isa = PBXBuildFile; fileRef = E19FA60122E7D8A400A43BB4 /* Math.swift */; };
		E19FA60422E7D8FB00A43BB4 /* PlaneGeometry.swift in Sources */ = {isa = PBXBuildFile; fileRef = E19FA60322E7D8FB00A43BB4 /* PlaneGeometry.swift */; };
		E19FA60822E8A9E200A43BB4 /* Map.swift in Sources */ = {isa = PBXBuildFile; fileRef = E19FA60722E8A9E200A43BB4 /* Map.swift */; };
		E19FA62D22E8B6DE00A43BB4 /* Satin.h in Headers */ = {isa = PBXBuildFile; fileRef = E13C969222E6482C00D6FEB0 /* Satin.h */; settings = {ATTRIBUTES = (Public, ); }; };
		E19FA62F22E8B6F400A43BB4 /* Math.swift in Sources */ = {isa = PBXBuildFile; fileRef = E19FA60122E7D8A400A43BB4 /* Math.swift */; };
		E19FA63022E8B6F400A43BB4 /* Map.swift in Sources */ = {isa = PBXBuildFile; fileRef = E19FA60722E8A9E200A43BB4 /* Map.swift */; };
		E19FA63122E8B6F400A43BB4 /* Camera.swift in Sources */ = {isa = PBXBuildFile; fileRef = E19FA5CE22E7CCA400A43BB4 /* Camera.swift */; };
		E19FA63222E8B6F400A43BB4 /* Renderer.swift in Sources */ = {isa = PBXBuildFile; fileRef = E19FA5FF22E7D89600A43BB4 /* Renderer.swift */; };
		E19FA63322E8B6F400A43BB4 /* Constants.swift in Sources */ = {isa = PBXBuildFile; fileRef = E19FA5D022E7CCB800A43BB4 /* Constants.swift */; };
		E19FA63422E8B6F400A43BB4 /* Vertex.swift in Sources */ = {isa = PBXBuildFile; fileRef = E19FA5C822E7CC2200A43BB4 /* Vertex.swift */; };
		E19FA63522E8B6F400A43BB4 /* VertexUniforms.swift in Sources */ = {isa = PBXBuildFile; fileRef = E19FA5CC22E7CC7900A43BB4 /* VertexUniforms.swift */; };
		E19FA63622E8B6F400A43BB4 /* Object.swift in Sources */ = {isa = PBXBuildFile; fileRef = E19FA5C122E7CB6500A43BB4 /* Object.swift */; };
		E19FA63722E8B6F400A43BB4 /* Mesh.swift in Sources */ = {isa = PBXBuildFile; fileRef = E19FA5CA22E7CC3E00A43BB4 /* Mesh.swift */; };
		E19FA63822E8B6F400A43BB4 /* Geometry.swift in Sources */ = {isa = PBXBuildFile; fileRef = E19FA5BD22E7CB3E00A43BB4 /* Geometry.swift */; };
		E19FA63922E8B6F400A43BB4 /* PlaneGeometry.swift in Sources */ = {isa = PBXBuildFile; fileRef = E19FA60322E7D8FB00A43BB4 /* PlaneGeometry.swift */; };
		E1B552BE236F860000BAF96D /* BoolParameter.swift in Sources */ = {isa = PBXBuildFile; fileRef = E1B552B6236F860000BAF96D /* BoolParameter.swift */; };
		E1B552BF236F860000BAF96D /* BoolParameter.swift in Sources */ = {isa = PBXBuildFile; fileRef = E1B552B6236F860000BAF96D /* BoolParameter.swift */; };
		E1B552C0236F860000BAF96D /* BoolParameter.swift in Sources */ = {isa = PBXBuildFile; fileRef = E1B552B6236F860000BAF96D /* BoolParameter.swift */; };
		E1B552C1236F860000BAF96D /* Parameter.swift in Sources */ = {isa = PBXBuildFile; fileRef = E1B552B7236F860000BAF96D /* Parameter.swift */; };
		E1B552C2236F860000BAF96D /* Parameter.swift in Sources */ = {isa = PBXBuildFile; fileRef = E1B552B7236F860000BAF96D /* Parameter.swift */; };
		E1B552C3236F860000BAF96D /* Parameter.swift in Sources */ = {isa = PBXBuildFile; fileRef = E1B552B7236F860000BAF96D /* Parameter.swift */; };
		E1B552C4236F860000BAF96D /* DoubleParameter.swift in Sources */ = {isa = PBXBuildFile; fileRef = E1B552B8236F860000BAF96D /* DoubleParameter.swift */; };
		E1B552C5236F860000BAF96D /* DoubleParameter.swift in Sources */ = {isa = PBXBuildFile; fileRef = E1B552B8236F860000BAF96D /* DoubleParameter.swift */; };
		E1B552C6236F860000BAF96D /* DoubleParameter.swift in Sources */ = {isa = PBXBuildFile; fileRef = E1B552B8236F860000BAF96D /* DoubleParameter.swift */; };
		E1B552C7236F860000BAF96D /* AnyParameter.swift in Sources */ = {isa = PBXBuildFile; fileRef = E1B552B9236F860000BAF96D /* AnyParameter.swift */; };
		E1B552C8236F860000BAF96D /* AnyParameter.swift in Sources */ = {isa = PBXBuildFile; fileRef = E1B552B9236F860000BAF96D /* AnyParameter.swift */; };
		E1B552C9236F860000BAF96D /* AnyParameter.swift in Sources */ = {isa = PBXBuildFile; fileRef = E1B552B9236F860000BAF96D /* AnyParameter.swift */; };
		E1B552CA236F860000BAF96D /* StringParameter.swift in Sources */ = {isa = PBXBuildFile; fileRef = E1B552BA236F860000BAF96D /* StringParameter.swift */; };
		E1B552CB236F860000BAF96D /* StringParameter.swift in Sources */ = {isa = PBXBuildFile; fileRef = E1B552BA236F860000BAF96D /* StringParameter.swift */; };
		E1B552CC236F860000BAF96D /* StringParameter.swift in Sources */ = {isa = PBXBuildFile; fileRef = E1B552BA236F860000BAF96D /* StringParameter.swift */; };
		E1B552CD236F860000BAF96D /* ParameterGroup.swift in Sources */ = {isa = PBXBuildFile; fileRef = E1B552BB236F860000BAF96D /* ParameterGroup.swift */; };
		E1B552CE236F860000BAF96D /* ParameterGroup.swift in Sources */ = {isa = PBXBuildFile; fileRef = E1B552BB236F860000BAF96D /* ParameterGroup.swift */; };
		E1B552CF236F860000BAF96D /* ParameterGroup.swift in Sources */ = {isa = PBXBuildFile; fileRef = E1B552BB236F860000BAF96D /* ParameterGroup.swift */; };
		E1B552D0236F860000BAF96D /* FloatParameter.swift in Sources */ = {isa = PBXBuildFile; fileRef = E1B552BC236F860000BAF96D /* FloatParameter.swift */; };
		E1B552D1236F860000BAF96D /* FloatParameter.swift in Sources */ = {isa = PBXBuildFile; fileRef = E1B552BC236F860000BAF96D /* FloatParameter.swift */; };
		E1B552D2236F860000BAF96D /* FloatParameter.swift in Sources */ = {isa = PBXBuildFile; fileRef = E1B552BC236F860000BAF96D /* FloatParameter.swift */; };
		E1B552D3236F860000BAF96D /* IntParameter.swift in Sources */ = {isa = PBXBuildFile; fileRef = E1B552BD236F860000BAF96D /* IntParameter.swift */; };
		E1B552D4236F860000BAF96D /* IntParameter.swift in Sources */ = {isa = PBXBuildFile; fileRef = E1B552BD236F860000BAF96D /* IntParameter.swift */; };
		E1B552D5236F860000BAF96D /* IntParameter.swift in Sources */ = {isa = PBXBuildFile; fileRef = E1B552BD236F860000BAF96D /* IntParameter.swift */; };
		E1D03FE823EA970A008FA401 /* Float2Parameter.swift in Sources */ = {isa = PBXBuildFile; fileRef = E1D03FE723EA970A008FA401 /* Float2Parameter.swift */; };
		E1D03FE923EA970A008FA401 /* Float2Parameter.swift in Sources */ = {isa = PBXBuildFile; fileRef = E1D03FE723EA970A008FA401 /* Float2Parameter.swift */; };
		E1D03FEA23EA970A008FA401 /* Float2Parameter.swift in Sources */ = {isa = PBXBuildFile; fileRef = E1D03FE723EA970A008FA401 /* Float2Parameter.swift */; };
		E1D03FEC23EA9E47008FA401 /* Float3Parameter.swift in Sources */ = {isa = PBXBuildFile; fileRef = E1D03FEB23EA9E47008FA401 /* Float3Parameter.swift */; };
		E1D03FED23EA9E47008FA401 /* Float3Parameter.swift in Sources */ = {isa = PBXBuildFile; fileRef = E1D03FEB23EA9E47008FA401 /* Float3Parameter.swift */; };
		E1D03FEE23EA9E47008FA401 /* Float3Parameter.swift in Sources */ = {isa = PBXBuildFile; fileRef = E1D03FEB23EA9E47008FA401 /* Float3Parameter.swift */; };
		E1D03FF023EAA18B008FA401 /* Float4Parameter.swift in Sources */ = {isa = PBXBuildFile; fileRef = E1D03FEF23EAA18B008FA401 /* Float4Parameter.swift */; };
		E1D03FF123EAA18B008FA401 /* Float4Parameter.swift in Sources */ = {isa = PBXBuildFile; fileRef = E1D03FEF23EAA18B008FA401 /* Float4Parameter.swift */; };
		E1D03FF223EAA18B008FA401 /* Float4Parameter.swift in Sources */ = {isa = PBXBuildFile; fileRef = E1D03FEF23EAA18B008FA401 /* Float4Parameter.swift */; };
		E1D25E1E235A3235008F294A /* ArcballCameraController.swift in Sources */ = {isa = PBXBuildFile; fileRef = E1D25E1D235A3235008F294A /* ArcballCameraController.swift */; };
		E1D25E23235A8706008F294A /* ArcballCameraController.swift in Sources */ = {isa = PBXBuildFile; fileRef = E1D25E1D235A3235008F294A /* ArcballCameraController.swift */; };
		E1D25E24235A8995008F294A /* ArcballCameraController.swift in Sources */ = {isa = PBXBuildFile; fileRef = E1D25E1D235A3235008F294A /* ArcballCameraController.swift */; };
		E1E11E17230E616B00E86791 /* Satin.h in Headers */ = {isa = PBXBuildFile; fileRef = E13C969222E6482C00D6FEB0 /* Satin.h */; settings = {ATTRIBUTES = (Public, ); }; };
		E1E11E1A230E618600E86791 /* MetalFileCompiler.swift in Sources */ = {isa = PBXBuildFile; fileRef = E188243322F9F1EF001DC5E9 /* MetalFileCompiler.swift */; };
		E1E11E1B230E618F00E86791 /* Material.swift in Sources */ = {isa = PBXBuildFile; fileRef = E159A34122E8F04400909A28 /* Material.swift */; };
		E1E11E1C230E619500E86791 /* Math.swift in Sources */ = {isa = PBXBuildFile; fileRef = E19FA60122E7D8A400A43BB4 /* Math.swift */; };
		E1E11E1D230E619500E86791 /* Map.swift in Sources */ = {isa = PBXBuildFile; fileRef = E19FA60722E8A9E200A43BB4 /* Map.swift */; };
		E1E11E1E230E619900E86791 /* Camera.swift in Sources */ = {isa = PBXBuildFile; fileRef = E19FA5CE22E7CCA400A43BB4 /* Camera.swift */; };
		E1E11E1F230E619900E86791 /* OrthographicCamera.swift in Sources */ = {isa = PBXBuildFile; fileRef = E188243022F8E391001DC5E9 /* OrthographicCamera.swift */; };
		E1E11E20230E619900E86791 /* PerspectiveCamera.swift in Sources */ = {isa = PBXBuildFile; fileRef = E15B218B23061F4500A7038E /* PerspectiveCamera.swift */; };
		E1E11E21230E619D00E86791 /* Renderer.swift in Sources */ = {isa = PBXBuildFile; fileRef = E19FA5FF22E7D89600A43BB4 /* Renderer.swift */; };
		E1E11E22230E61A200E86791 /* Constants.swift in Sources */ = {isa = PBXBuildFile; fileRef = E19FA5D022E7CCB800A43BB4 /* Constants.swift */; };
		E1E11E23230E61A200E86791 /* Vertex.swift in Sources */ = {isa = PBXBuildFile; fileRef = E19FA5C822E7CC2200A43BB4 /* Vertex.swift */; };
		E1E11E24230E61A200E86791 /* VertexUniforms.swift in Sources */ = {isa = PBXBuildFile; fileRef = E19FA5CC22E7CC7900A43BB4 /* VertexUniforms.swift */; };
		E1E11E25230E61A800E86791 /* Object.swift in Sources */ = {isa = PBXBuildFile; fileRef = E19FA5C122E7CB6500A43BB4 /* Object.swift */; };
		E1E11E26230E61A800E86791 /* Mesh.swift in Sources */ = {isa = PBXBuildFile; fileRef = E19FA5CA22E7CC3E00A43BB4 /* Mesh.swift */; };
		E1E11E27230E61AC00E86791 /* Geometry.swift in Sources */ = {isa = PBXBuildFile; fileRef = E19FA5BD22E7CB3E00A43BB4 /* Geometry.swift */; };
		E1E11E28230E61AC00E86791 /* PlaneGeometry.swift in Sources */ = {isa = PBXBuildFile; fileRef = E19FA60322E7D8FB00A43BB4 /* PlaneGeometry.swift */; };
		E1E11E2C230E62F700E86791 /* Metal.framework in Frameworks */ = {isa = PBXBuildFile; fileRef = E1E11E2A230E62F700E86791 /* Metal.framework */; };
		E1E11E2D230E62F700E86791 /* MetalKit.framework in Frameworks */ = {isa = PBXBuildFile; fileRef = E1E11E2B230E62F700E86791 /* MetalKit.framework */; };
		E1E11E30230E630000E86791 /* Metal.framework in Frameworks */ = {isa = PBXBuildFile; fileRef = E1E11E2E230E630000E86791 /* Metal.framework */; };
		E1E11E31230E630000E86791 /* MetalKit.framework in Frameworks */ = {isa = PBXBuildFile; fileRef = E1E11E2F230E630000E86791 /* MetalKit.framework */; };
		E1E11E34230E630A00E86791 /* MetalKit.framework in Frameworks */ = {isa = PBXBuildFile; fileRef = E1E11E32230E630A00E86791 /* MetalKit.framework */; };
		E1E11E35230E630A00E86791 /* Metal.framework in Frameworks */ = {isa = PBXBuildFile; fileRef = E1E11E33230E630A00E86791 /* Metal.framework */; };
		E1F3751C23222B9F00048102 /* FPSCameraController.swift in Sources */ = {isa = PBXBuildFile; fileRef = E1F3751B23222B9F00048102 /* FPSCameraController.swift */; };
		E1F3751E2323120E00048102 /* CircleGeometry.swift in Sources */ = {isa = PBXBuildFile; fileRef = E1F3751D2323120E00048102 /* CircleGeometry.swift */; };
		E1F3751F2323120E00048102 /* CircleGeometry.swift in Sources */ = {isa = PBXBuildFile; fileRef = E1F3751D2323120E00048102 /* CircleGeometry.swift */; };
		E1F375202323120E00048102 /* CircleGeometry.swift in Sources */ = {isa = PBXBuildFile; fileRef = E1F3751D2323120E00048102 /* CircleGeometry.swift */; };
		E1F375222323185700048102 /* TriangleGeometry.swift in Sources */ = {isa = PBXBuildFile; fileRef = E1F375212323185700048102 /* TriangleGeometry.swift */; };
		E1F375232323185700048102 /* TriangleGeometry.swift in Sources */ = {isa = PBXBuildFile; fileRef = E1F375212323185700048102 /* TriangleGeometry.swift */; };
		E1F375242323185700048102 /* TriangleGeometry.swift in Sources */ = {isa = PBXBuildFile; fileRef = E1F375212323185700048102 /* TriangleGeometry.swift */; };
		E1F3752623232FC300048102 /* ArcGeometry.swift in Sources */ = {isa = PBXBuildFile; fileRef = E1F3752523232FC300048102 /* ArcGeometry.swift */; };
		E1F3752723232FC300048102 /* ArcGeometry.swift in Sources */ = {isa = PBXBuildFile; fileRef = E1F3752523232FC300048102 /* ArcGeometry.swift */; };
		E1F3752823232FC300048102 /* ArcGeometry.swift in Sources */ = {isa = PBXBuildFile; fileRef = E1F3752523232FC300048102 /* ArcGeometry.swift */; };
		E1F3752C23256A7500048102 /* CylinderGeometry.swift in Sources */ = {isa = PBXBuildFile; fileRef = E1F3752B23256A7500048102 /* CylinderGeometry.swift */; };
		E1F3752D23256A7500048102 /* CylinderGeometry.swift in Sources */ = {isa = PBXBuildFile; fileRef = E1F3752B23256A7500048102 /* CylinderGeometry.swift */; };
		E1F3752E23256A7500048102 /* CylinderGeometry.swift in Sources */ = {isa = PBXBuildFile; fileRef = E1F3752B23256A7500048102 /* CylinderGeometry.swift */; };
		E1F375302326137D00048102 /* TorusGeometry.swift in Sources */ = {isa = PBXBuildFile; fileRef = E1F3752F2326137D00048102 /* TorusGeometry.swift */; };
		E1F375312326137D00048102 /* TorusGeometry.swift in Sources */ = {isa = PBXBuildFile; fileRef = E1F3752F2326137D00048102 /* TorusGeometry.swift */; };
		E1F375322326137D00048102 /* TorusGeometry.swift in Sources */ = {isa = PBXBuildFile; fileRef = E1F3752F2326137D00048102 /* TorusGeometry.swift */; };
		E1F3753423261B3500048102 /* ConeGeometry.swift in Sources */ = {isa = PBXBuildFile; fileRef = E1F3753323261B3500048102 /* ConeGeometry.swift */; };
		E1F3753523261B3500048102 /* ConeGeometry.swift in Sources */ = {isa = PBXBuildFile; fileRef = E1F3753323261B3500048102 /* ConeGeometry.swift */; };
		E1F3753623261B3500048102 /* ConeGeometry.swift in Sources */ = {isa = PBXBuildFile; fileRef = E1F3753323261B3500048102 /* ConeGeometry.swift */; };
/* End PBXBuildFile section */

/* Begin PBXFileReference section */
		E10E4F20236F909700073EE4 /* ParameterParser.swift */ = {isa = PBXFileReference; fileEncoding = 4; lastKnownFileType = sourcecode.swift; path = ParameterParser.swift; sourceTree = "<group>"; };
		E10E4F2B236FACC700073EE4 /* UniformBuffer.swift */ = {isa = PBXFileReference; lastKnownFileType = sourcecode.swift; path = UniformBuffer.swift; sourceTree = "<group>"; };
		E12625142344BF94007DB8C6 /* ShadowUniforms.swift */ = {isa = PBXFileReference; lastKnownFileType = sourcecode.swift; path = ShadowUniforms.swift; sourceTree = "<group>"; };
		E12625262346C897007DB8C6 /* ArcballPerspectiveCamera.swift */ = {isa = PBXFileReference; fileEncoding = 4; lastKnownFileType = sourcecode.swift; path = ArcballPerspectiveCamera.swift; sourceTree = "<group>"; };
		E12EACEC23EB4AE1007D6208 /* Int2Parameter.swift */ = {isa = PBXFileReference; lastKnownFileType = sourcecode.swift; path = Int2Parameter.swift; sourceTree = "<group>"; };
		E13610302329834000A01AFF /* IcoSphereGeometry.swift */ = {isa = PBXFileReference; lastKnownFileType = sourcecode.swift; path = IcoSphereGeometry.swift; sourceTree = "<group>"; };
		E136103623299A0F00A01AFF /* CapsuleGeometry.swift */ = {isa = PBXFileReference; lastKnownFileType = sourcecode.swift; path = CapsuleGeometry.swift; sourceTree = "<group>"; };
		E136103A2329B6A600A01AFF /* ParametricGeometry.swift */ = {isa = PBXFileReference; lastKnownFileType = sourcecode.swift; path = ParametricGeometry.swift; sourceTree = "<group>"; };
		E13A6445231C25E90021CF4F /* SphereGeometry.swift */ = {isa = PBXFileReference; lastKnownFileType = sourcecode.swift; path = SphereGeometry.swift; sourceTree = "<group>"; };
		E13C968F22E6482C00D6FEB0 /* Satin.framework */ = {isa = PBXFileReference; explicitFileType = wrapper.framework; includeInIndex = 0; path = Satin.framework; sourceTree = BUILT_PRODUCTS_DIR; };
		E13C969222E6482C00D6FEB0 /* Satin.h */ = {isa = PBXFileReference; lastKnownFileType = sourcecode.c.h; path = Satin.h; sourceTree = "<group>"; };
		E13C969322E6482C00D6FEB0 /* Info.plist */ = {isa = PBXFileReference; lastKnownFileType = text.plist.xml; path = Info.plist; sourceTree = "<group>"; };
		E13F425A2316686900D94603 /* BoxGeometry.swift */ = {isa = PBXFileReference; lastKnownFileType = sourcecode.swift; path = BoxGeometry.swift; sourceTree = "<group>"; };
		E159A34122E8F04400909A28 /* Material.swift */ = {isa = PBXFileReference; lastKnownFileType = sourcecode.swift; path = Material.swift; sourceTree = "<group>"; };
		E15B218B23061F4500A7038E /* PerspectiveCamera.swift */ = {isa = PBXFileReference; lastKnownFileType = sourcecode.swift; path = PerspectiveCamera.swift; sourceTree = "<group>"; };
		E1670B892331C04F00107129 /* GesturalCameraController.swift */ = {isa = PBXFileReference; fileEncoding = 4; lastKnownFileType = sourcecode.swift; path = GesturalCameraController.swift; sourceTree = "<group>"; };
		E1670B8B2331C1C800107129 /* Pipelines.swift */ = {isa = PBXFileReference; fileEncoding = 4; lastKnownFileType = sourcecode.swift; path = Pipelines.swift; sourceTree = "<group>"; };
		E1670B992331C77E00107129 /* Simd+Extensions.swift */ = {isa = PBXFileReference; fileEncoding = 4; lastKnownFileType = sourcecode.swift; path = "Simd+Extensions.swift"; sourceTree = "<group>"; };
		E16E1A2423F2844F0095561D /* Int3Parameter.swift */ = {isa = PBXFileReference; lastKnownFileType = sourcecode.swift; path = Int3Parameter.swift; sourceTree = "<group>"; };
		E16E1A2823F28A580095561D /* Int4Parameter.swift */ = {isa = PBXFileReference; lastKnownFileType = sourcecode.swift; path = Int4Parameter.swift; sourceTree = "<group>"; };
		E188243022F8E391001DC5E9 /* OrthographicCamera.swift */ = {isa = PBXFileReference; lastKnownFileType = sourcecode.swift; path = OrthographicCamera.swift; sourceTree = "<group>"; };
		E188243322F9F1EF001DC5E9 /* MetalFileCompiler.swift */ = {isa = PBXFileReference; lastKnownFileType = sourcecode.swift; path = MetalFileCompiler.swift; sourceTree = "<group>"; };
		E190D678230F430B00034600 /* Pipelines */ = {isa = PBXFileReference; lastKnownFileType = folder; path = Pipelines; sourceTree = "<group>"; };
		E1936993233BC62400955737 /* BasicColorMaterial.swift */ = {isa = PBXFileReference; lastKnownFileType = sourcecode.swift; path = BasicColorMaterial.swift; sourceTree = "<group>"; };
		E1936999233BCC5200955737 /* Paths.swift */ = {isa = PBXFileReference; lastKnownFileType = sourcecode.swift; path = Paths.swift; sourceTree = "<group>"; };
		E193699D233BE4A500955737 /* Context.swift */ = {isa = PBXFileReference; lastKnownFileType = sourcecode.swift; path = Context.swift; sourceTree = "<group>"; };
		E19369CE2342590500955737 /* ShadowMaterial.swift */ = {isa = PBXFileReference; lastKnownFileType = sourcecode.swift; path = ShadowMaterial.swift; sourceTree = "<group>"; };
		E19B695F2315E1D10001B1A8 /* FileWatcher.swift */ = {isa = PBXFileReference; lastKnownFileType = sourcecode.swift; path = FileWatcher.swift; sourceTree = "<group>"; };
		E19FA5BD22E7CB3E00A43BB4 /* Geometry.swift */ = {isa = PBXFileReference; lastKnownFileType = sourcecode.swift; path = Geometry.swift; sourceTree = "<group>"; };
		E19FA5C122E7CB6500A43BB4 /* Object.swift */ = {isa = PBXFileReference; lastKnownFileType = sourcecode.swift; path = Object.swift; sourceTree = "<group>"; };
		E19FA5C822E7CC2200A43BB4 /* Vertex.swift */ = {isa = PBXFileReference; lastKnownFileType = sourcecode.swift; path = Vertex.swift; sourceTree = "<group>"; };
		E19FA5CA22E7CC3E00A43BB4 /* Mesh.swift */ = {isa = PBXFileReference; lastKnownFileType = sourcecode.swift; path = Mesh.swift; sourceTree = "<group>"; };
		E19FA5CC22E7CC7900A43BB4 /* VertexUniforms.swift */ = {isa = PBXFileReference; lastKnownFileType = sourcecode.swift; path = VertexUniforms.swift; sourceTree = "<group>"; };
		E19FA5CE22E7CCA400A43BB4 /* Camera.swift */ = {isa = PBXFileReference; lastKnownFileType = sourcecode.swift; path = Camera.swift; sourceTree = "<group>"; };
		E19FA5D022E7CCB800A43BB4 /* Constants.swift */ = {isa = PBXFileReference; lastKnownFileType = sourcecode.swift; path = Constants.swift; sourceTree = "<group>"; };
		E19FA5FF22E7D89600A43BB4 /* Renderer.swift */ = {isa = PBXFileReference; lastKnownFileType = sourcecode.swift; path = Renderer.swift; sourceTree = "<group>"; };
		E19FA60122E7D8A400A43BB4 /* Math.swift */ = {isa = PBXFileReference; lastKnownFileType = sourcecode.swift; path = Math.swift; sourceTree = "<group>"; };
		E19FA60322E7D8FB00A43BB4 /* PlaneGeometry.swift */ = {isa = PBXFileReference; lastKnownFileType = sourcecode.swift; path = PlaneGeometry.swift; sourceTree = "<group>"; };
		E19FA60722E8A9E200A43BB4 /* Map.swift */ = {isa = PBXFileReference; lastKnownFileType = sourcecode.swift; path = Map.swift; sourceTree = "<group>"; };
		E19FA62522E8B65000A43BB4 /* Satin.framework */ = {isa = PBXFileReference; explicitFileType = wrapper.framework; includeInIndex = 0; path = Satin.framework; sourceTree = BUILT_PRODUCTS_DIR; };
		E1B552B6236F860000BAF96D /* BoolParameter.swift */ = {isa = PBXFileReference; fileEncoding = 4; lastKnownFileType = sourcecode.swift; path = BoolParameter.swift; sourceTree = "<group>"; };
		E1B552B7236F860000BAF96D /* Parameter.swift */ = {isa = PBXFileReference; fileEncoding = 4; lastKnownFileType = sourcecode.swift; path = Parameter.swift; sourceTree = "<group>"; };
		E1B552B8236F860000BAF96D /* DoubleParameter.swift */ = {isa = PBXFileReference; fileEncoding = 4; lastKnownFileType = sourcecode.swift; path = DoubleParameter.swift; sourceTree = "<group>"; };
		E1B552B9236F860000BAF96D /* AnyParameter.swift */ = {isa = PBXFileReference; fileEncoding = 4; lastKnownFileType = sourcecode.swift; path = AnyParameter.swift; sourceTree = "<group>"; };
		E1B552BA236F860000BAF96D /* StringParameter.swift */ = {isa = PBXFileReference; fileEncoding = 4; lastKnownFileType = sourcecode.swift; path = StringParameter.swift; sourceTree = "<group>"; };
		E1B552BB236F860000BAF96D /* ParameterGroup.swift */ = {isa = PBXFileReference; fileEncoding = 4; lastKnownFileType = sourcecode.swift; path = ParameterGroup.swift; sourceTree = "<group>"; };
		E1B552BC236F860000BAF96D /* FloatParameter.swift */ = {isa = PBXFileReference; fileEncoding = 4; lastKnownFileType = sourcecode.swift; path = FloatParameter.swift; sourceTree = "<group>"; };
		E1B552BD236F860000BAF96D /* IntParameter.swift */ = {isa = PBXFileReference; fileEncoding = 4; lastKnownFileType = sourcecode.swift; path = IntParameter.swift; sourceTree = "<group>"; };
		E1D03FE723EA970A008FA401 /* Float2Parameter.swift */ = {isa = PBXFileReference; lastKnownFileType = sourcecode.swift; path = Float2Parameter.swift; sourceTree = "<group>"; };
		E1D03FEB23EA9E47008FA401 /* Float3Parameter.swift */ = {isa = PBXFileReference; lastKnownFileType = sourcecode.swift; path = Float3Parameter.swift; sourceTree = "<group>"; };
		E1D03FEF23EAA18B008FA401 /* Float4Parameter.swift */ = {isa = PBXFileReference; lastKnownFileType = sourcecode.swift; path = Float4Parameter.swift; sourceTree = "<group>"; };
		E1D25E1D235A3235008F294A /* ArcballCameraController.swift */ = {isa = PBXFileReference; fileEncoding = 4; lastKnownFileType = sourcecode.swift; path = ArcballCameraController.swift; sourceTree = "<group>"; };
		E1E11E0F230E60B900E86791 /* Satin.framework */ = {isa = PBXFileReference; explicitFileType = wrapper.framework; includeInIndex = 0; path = Satin.framework; sourceTree = BUILT_PRODUCTS_DIR; };
		E1E11E2A230E62F700E86791 /* Metal.framework */ = {isa = PBXFileReference; lastKnownFileType = wrapper.framework; name = Metal.framework; path = Platforms/AppleTVOS.platform/Developer/SDKs/AppleTVOS12.4.sdk/System/Library/Frameworks/Metal.framework; sourceTree = DEVELOPER_DIR; };
		E1E11E2B230E62F700E86791 /* MetalKit.framework */ = {isa = PBXFileReference; lastKnownFileType = wrapper.framework; name = MetalKit.framework; path = Platforms/AppleTVOS.platform/Developer/SDKs/AppleTVOS12.4.sdk/System/Library/Frameworks/MetalKit.framework; sourceTree = DEVELOPER_DIR; };
		E1E11E2E230E630000E86791 /* Metal.framework */ = {isa = PBXFileReference; lastKnownFileType = wrapper.framework; name = Metal.framework; path = Platforms/iPhoneOS.platform/Developer/SDKs/iPhoneOS12.4.sdk/System/Library/Frameworks/Metal.framework; sourceTree = DEVELOPER_DIR; };
		E1E11E2F230E630000E86791 /* MetalKit.framework */ = {isa = PBXFileReference; lastKnownFileType = wrapper.framework; name = MetalKit.framework; path = Platforms/iPhoneOS.platform/Developer/SDKs/iPhoneOS12.4.sdk/System/Library/Frameworks/MetalKit.framework; sourceTree = DEVELOPER_DIR; };
		E1E11E32230E630A00E86791 /* MetalKit.framework */ = {isa = PBXFileReference; lastKnownFileType = wrapper.framework; name = MetalKit.framework; path = System/Library/Frameworks/MetalKit.framework; sourceTree = SDKROOT; };
		E1E11E33230E630A00E86791 /* Metal.framework */ = {isa = PBXFileReference; lastKnownFileType = wrapper.framework; name = Metal.framework; path = System/Library/Frameworks/Metal.framework; sourceTree = SDKROOT; };
		E1F3751B23222B9F00048102 /* FPSCameraController.swift */ = {isa = PBXFileReference; fileEncoding = 4; lastKnownFileType = sourcecode.swift; path = FPSCameraController.swift; sourceTree = "<group>"; };
		E1F3751D2323120E00048102 /* CircleGeometry.swift */ = {isa = PBXFileReference; lastKnownFileType = sourcecode.swift; path = CircleGeometry.swift; sourceTree = "<group>"; };
		E1F375212323185700048102 /* TriangleGeometry.swift */ = {isa = PBXFileReference; lastKnownFileType = sourcecode.swift; path = TriangleGeometry.swift; sourceTree = "<group>"; };
		E1F3752523232FC300048102 /* ArcGeometry.swift */ = {isa = PBXFileReference; lastKnownFileType = sourcecode.swift; path = ArcGeometry.swift; sourceTree = "<group>"; };
		E1F3752B23256A7500048102 /* CylinderGeometry.swift */ = {isa = PBXFileReference; lastKnownFileType = sourcecode.swift; path = CylinderGeometry.swift; sourceTree = "<group>"; };
		E1F3752F2326137D00048102 /* TorusGeometry.swift */ = {isa = PBXFileReference; lastKnownFileType = sourcecode.swift; path = TorusGeometry.swift; sourceTree = "<group>"; };
		E1F3753323261B3500048102 /* ConeGeometry.swift */ = {isa = PBXFileReference; lastKnownFileType = sourcecode.swift; path = ConeGeometry.swift; sourceTree = "<group>"; };
/* End PBXFileReference section */

/* Begin PBXFrameworksBuildPhase section */
		E13C968C22E6482C00D6FEB0 /* Frameworks */ = {
			isa = PBXFrameworksBuildPhase;
			buildActionMask = 2147483647;
			files = (
				E1E11E34230E630A00E86791 /* MetalKit.framework in Frameworks */,
				E1E11E35230E630A00E86791 /* Metal.framework in Frameworks */,
			);
			runOnlyForDeploymentPostprocessing = 0;
		};
		E19FA62222E8B65000A43BB4 /* Frameworks */ = {
			isa = PBXFrameworksBuildPhase;
			buildActionMask = 2147483647;
			files = (
				E1E11E30230E630000E86791 /* Metal.framework in Frameworks */,
				E1E11E31230E630000E86791 /* MetalKit.framework in Frameworks */,
			);
			runOnlyForDeploymentPostprocessing = 0;
		};
		E1E11E0C230E60B900E86791 /* Frameworks */ = {
			isa = PBXFrameworksBuildPhase;
			buildActionMask = 2147483647;
			files = (
				E1E11E2C230E62F700E86791 /* Metal.framework in Frameworks */,
				E1E11E2D230E62F700E86791 /* MetalKit.framework in Frameworks */,
			);
			runOnlyForDeploymentPostprocessing = 0;
		};
/* End PBXFrameworksBuildPhase section */

/* Begin PBXGroup section */
		E13C968522E6482C00D6FEB0 = {
			isa = PBXGroup;
			children = (
				E190D678230F430B00034600 /* Pipelines */,
				E13C969122E6482C00D6FEB0 /* Satin */,
				E13C969022E6482C00D6FEB0 /* Products */,
				E1E11E29230E62F700E86791 /* Frameworks */,
			);
			sourceTree = "<group>";
		};
		E13C969022E6482C00D6FEB0 /* Products */ = {
			isa = PBXGroup;
			children = (
				E13C968F22E6482C00D6FEB0 /* Satin.framework */,
				E19FA62522E8B65000A43BB4 /* Satin.framework */,
				E1E11E0F230E60B900E86791 /* Satin.framework */,
			);
			name = Products;
			sourceTree = "<group>";
		};
		E13C969122E6482C00D6FEB0 /* Satin */ = {
			isa = PBXGroup;
			children = (
				E13C969222E6482C00D6FEB0 /* Satin.h */,
				E13C969322E6482C00D6FEB0 /* Info.plist */,
				E1B552B5236F860000BAF96D /* Parameters */,
				E1A84D5C2358E45800A02B6B /* CameraControllers */,
				E1670B982331C77E00107129 /* Extensions */,
				E188243622F9F216001DC5E9 /* Utilities */,
				E19FA60622E822F900A43BB4 /* Materials */,
				E19FA5D422E7CCE800A43BB4 /* Math */,
				E19FA5C722E7CC0900A43BB4 /* Cameras */,
				E177FC2022E6B75A004DAA38 /* Renderer */,
				E19FA5C622E7CB8C00A43BB4 /* Types */,
				E19FA5C022E7CB5100A43BB4 /* Core */,
				E19FA5BF22E7CB4600A43BB4 /* Geometry */,
			);
			path = Satin;
			sourceTree = "<group>";
		};
		E1670B982331C77E00107129 /* Extensions */ = {
			isa = PBXGroup;
			children = (
				E1670B992331C77E00107129 /* Simd+Extensions.swift */,
			);
			path = Extensions;
			sourceTree = "<group>";
		};
		E177FC2022E6B75A004DAA38 /* Renderer */ = {
			isa = PBXGroup;
			children = (
				E19FA5FF22E7D89600A43BB4 /* Renderer.swift */,
			);
			path = Renderer;
			sourceTree = "<group>";
		};
		E188243622F9F216001DC5E9 /* Utilities */ = {
			isa = PBXGroup;
			children = (
				E10E4F20236F909700073EE4 /* ParameterParser.swift */,
				E10E4F2B236FACC700073EE4 /* UniformBuffer.swift */,
				E1670B8B2331C1C800107129 /* Pipelines.swift */,
				E188243322F9F1EF001DC5E9 /* MetalFileCompiler.swift */,
				E19B695F2315E1D10001B1A8 /* FileWatcher.swift */,
				E1936999233BCC5200955737 /* Paths.swift */,
			);
			path = Utilities;
			sourceTree = "<group>";
		};
		E19FA5BF22E7CB4600A43BB4 /* Geometry */ = {
			isa = PBXGroup;
			children = (
				E19FA5BD22E7CB3E00A43BB4 /* Geometry.swift */,
				E19FA60322E7D8FB00A43BB4 /* PlaneGeometry.swift */,
				E13F425A2316686900D94603 /* BoxGeometry.swift */,
				E13A6445231C25E90021CF4F /* SphereGeometry.swift */,
				E1F3751D2323120E00048102 /* CircleGeometry.swift */,
				E1F375212323185700048102 /* TriangleGeometry.swift */,
				E1F3752523232FC300048102 /* ArcGeometry.swift */,
				E1F3752B23256A7500048102 /* CylinderGeometry.swift */,
				E1F3753323261B3500048102 /* ConeGeometry.swift */,
				E1F3752F2326137D00048102 /* TorusGeometry.swift */,
				E13610302329834000A01AFF /* IcoSphereGeometry.swift */,
				E136103623299A0F00A01AFF /* CapsuleGeometry.swift */,
				E136103A2329B6A600A01AFF /* ParametricGeometry.swift */,
			);
			path = Geometry;
			sourceTree = "<group>";
		};
		E19FA5C022E7CB5100A43BB4 /* Core */ = {
			isa = PBXGroup;
			children = (
				E19FA5C122E7CB6500A43BB4 /* Object.swift */,
				E19FA5CA22E7CC3E00A43BB4 /* Mesh.swift */,
				E193699D233BE4A500955737 /* Context.swift */,
			);
			path = Core;
			sourceTree = "<group>";
		};
		E19FA5C622E7CB8C00A43BB4 /* Types */ = {
			isa = PBXGroup;
			children = (
				E19FA5D022E7CCB800A43BB4 /* Constants.swift */,
				E19FA5C822E7CC2200A43BB4 /* Vertex.swift */,
				E19FA5CC22E7CC7900A43BB4 /* VertexUniforms.swift */,
				E12625142344BF94007DB8C6 /* ShadowUniforms.swift */,
			);
			path = Types;
			sourceTree = "<group>";
		};
		E19FA5C722E7CC0900A43BB4 /* Cameras */ = {
			isa = PBXGroup;
			children = (
				E19FA5CE22E7CCA400A43BB4 /* Camera.swift */,
				E188243022F8E391001DC5E9 /* OrthographicCamera.swift */,
				E15B218B23061F4500A7038E /* PerspectiveCamera.swift */,
				E12625262346C897007DB8C6 /* ArcballPerspectiveCamera.swift */,
			);
			path = Cameras;
			sourceTree = "<group>";
		};
		E19FA5D422E7CCE800A43BB4 /* Math */ = {
			isa = PBXGroup;
			children = (
				E19FA60122E7D8A400A43BB4 /* Math.swift */,
				E19FA60722E8A9E200A43BB4 /* Map.swift */,
			);
			path = Math;
			sourceTree = "<group>";
		};
		E19FA60622E822F900A43BB4 /* Materials */ = {
			isa = PBXGroup;
			children = (
				E159A34122E8F04400909A28 /* Material.swift */,
				E1936993233BC62400955737 /* BasicColorMaterial.swift */,
				E19369CE2342590500955737 /* ShadowMaterial.swift */,
			);
			path = Materials;
			sourceTree = "<group>";
		};
		E1A84D592357D13900A02B6B /* macOS */ = {
			isa = PBXGroup;
			children = (
				E1670B892331C04F00107129 /* GesturalCameraController.swift */,
				E1F3751B23222B9F00048102 /* FPSCameraController.swift */,
			);
			path = macOS;
			sourceTree = "<group>";
		};
		E1A84D5C2358E45800A02B6B /* CameraControllers */ = {
			isa = PBXGroup;
			children = (
				E1D25E1D235A3235008F294A /* ArcballCameraController.swift */,
				E1A84D592357D13900A02B6B /* macOS */,
			);
			path = CameraControllers;
			sourceTree = "<group>";
		};
		E1B552B5236F860000BAF96D /* Parameters */ = {
			isa = PBXGroup;
			children = (
				E1B552B6236F860000BAF96D /* BoolParameter.swift */,
				E1B552B7236F860000BAF96D /* Parameter.swift */,
				E1B552B8236F860000BAF96D /* DoubleParameter.swift */,
				E1B552B9236F860000BAF96D /* AnyParameter.swift */,
				E1B552BA236F860000BAF96D /* StringParameter.swift */,
				E1B552BB236F860000BAF96D /* ParameterGroup.swift */,
				E1B552BC236F860000BAF96D /* FloatParameter.swift */,
				E1D03FE723EA970A008FA401 /* Float2Parameter.swift */,
				E1D03FEB23EA9E47008FA401 /* Float3Parameter.swift */,
				E1D03FEF23EAA18B008FA401 /* Float4Parameter.swift */,
				E1B552BD236F860000BAF96D /* IntParameter.swift */,
				E12EACEC23EB4AE1007D6208 /* Int2Parameter.swift */,
				E16E1A2423F2844F0095561D /* Int3Parameter.swift */,
				E16E1A2823F28A580095561D /* Int4Parameter.swift */,
			);
			path = Parameters;
			sourceTree = "<group>";
		};
		E1E11E29230E62F700E86791 /* Frameworks */ = {
			isa = PBXGroup;
			children = (
				E1E11E33230E630A00E86791 /* Metal.framework */,
				E1E11E32230E630A00E86791 /* MetalKit.framework */,
				E1E11E2E230E630000E86791 /* Metal.framework */,
				E1E11E2F230E630000E86791 /* MetalKit.framework */,
				E1E11E2A230E62F700E86791 /* Metal.framework */,
				E1E11E2B230E62F700E86791 /* MetalKit.framework */,
			);
			name = Frameworks;
			sourceTree = "<group>";
		};
/* End PBXGroup section */

/* Begin PBXHeadersBuildPhase section */
		E13C968A22E6482C00D6FEB0 /* Headers */ = {
			isa = PBXHeadersBuildPhase;
			buildActionMask = 2147483647;
			files = (
				E13C969422E6482C00D6FEB0 /* Satin.h in Headers */,
			);
			runOnlyForDeploymentPostprocessing = 0;
		};
		E19FA62022E8B65000A43BB4 /* Headers */ = {
			isa = PBXHeadersBuildPhase;
			buildActionMask = 2147483647;
			files = (
				E19FA62D22E8B6DE00A43BB4 /* Satin.h in Headers */,
			);
			runOnlyForDeploymentPostprocessing = 0;
		};
		E1E11E0A230E60B900E86791 /* Headers */ = {
			isa = PBXHeadersBuildPhase;
			buildActionMask = 2147483647;
			files = (
				E1E11E17230E616B00E86791 /* Satin.h in Headers */,
			);
			runOnlyForDeploymentPostprocessing = 0;
		};
/* End PBXHeadersBuildPhase section */

/* Begin PBXNativeTarget section */
		E13C968E22E6482C00D6FEB0 /* Satin-macOS */ = {
			isa = PBXNativeTarget;
			buildConfigurationList = E13C969722E6482C00D6FEB0 /* Build configuration list for PBXNativeTarget "Satin-macOS" */;
			buildPhases = (
				E13C968A22E6482C00D6FEB0 /* Headers */,
				E13C968B22E6482C00D6FEB0 /* Sources */,
				E13C968C22E6482C00D6FEB0 /* Frameworks */,
				E13C968D22E6482C00D6FEB0 /* Resources */,
			);
			buildRules = (
			);
			dependencies = (
			);
			name = "Satin-macOS";
			productName = Satin;
			productReference = E13C968F22E6482C00D6FEB0 /* Satin.framework */;
			productType = "com.apple.product-type.framework";
		};
		E19FA62422E8B65000A43BB4 /* Satin-iOS */ = {
			isa = PBXNativeTarget;
			buildConfigurationList = E19FA62A22E8B65000A43BB4 /* Build configuration list for PBXNativeTarget "Satin-iOS" */;
			buildPhases = (
				E19FA62022E8B65000A43BB4 /* Headers */,
				E19FA62122E8B65000A43BB4 /* Sources */,
				E19FA62222E8B65000A43BB4 /* Frameworks */,
				E19FA62322E8B65000A43BB4 /* Resources */,
			);
			buildRules = (
			);
			dependencies = (
			);
			name = "Satin-iOS";
			productName = "Satin-iOS";
			productReference = E19FA62522E8B65000A43BB4 /* Satin.framework */;
			productType = "com.apple.product-type.framework";
		};
		E1E11E0E230E60B900E86791 /* Satin-tvOS */ = {
			isa = PBXNativeTarget;
			buildConfigurationList = E1E11E16230E60B900E86791 /* Build configuration list for PBXNativeTarget "Satin-tvOS" */;
			buildPhases = (
				E1E11E0A230E60B900E86791 /* Headers */,
				E1E11E0B230E60B900E86791 /* Sources */,
				E1E11E0C230E60B900E86791 /* Frameworks */,
				E1E11E0D230E60B900E86791 /* Resources */,
			);
			buildRules = (
			);
			dependencies = (
			);
			name = "Satin-tvOS";
			productName = "Satin-tvOS";
			productReference = E1E11E0F230E60B900E86791 /* Satin.framework */;
			productType = "com.apple.product-type.framework";
		};
/* End PBXNativeTarget section */

/* Begin PBXProject section */
		E13C968622E6482C00D6FEB0 /* Project object */ = {
			isa = PBXProject;
			attributes = {
				LastUpgradeCheck = 1100;
				ORGANIZATIONNAME = "Reza Ali";
				TargetAttributes = {
					E13C968E22E6482C00D6FEB0 = {
						CreatedOnToolsVersion = 11.0;
						LastSwiftMigration = 1100;
					};
					E19FA62422E8B65000A43BB4 = {
						CreatedOnToolsVersion = 11.0;
					};
					E1E11E0E230E60B900E86791 = {
						CreatedOnToolsVersion = 10.3;
					};
				};
			};
			buildConfigurationList = E13C968922E6482C00D6FEB0 /* Build configuration list for PBXProject "Satin" */;
			compatibilityVersion = "Xcode 9.3";
			developmentRegion = en;
			hasScannedForEncodings = 0;
			knownRegions = (
				en,
				Base,
			);
			mainGroup = E13C968522E6482C00D6FEB0;
			productRefGroup = E13C969022E6482C00D6FEB0 /* Products */;
			projectDirPath = "";
			projectRoot = "";
			targets = (
				E13C968E22E6482C00D6FEB0 /* Satin-macOS */,
				E19FA62422E8B65000A43BB4 /* Satin-iOS */,
				E1E11E0E230E60B900E86791 /* Satin-tvOS */,
			);
		};
/* End PBXProject section */

/* Begin PBXResourcesBuildPhase section */
		E13C968D22E6482C00D6FEB0 /* Resources */ = {
			isa = PBXResourcesBuildPhase;
			buildActionMask = 2147483647;
			files = (
				E190D679230F430B00034600 /* Pipelines in Resources */,
			);
			runOnlyForDeploymentPostprocessing = 0;
		};
		E19FA62322E8B65000A43BB4 /* Resources */ = {
			isa = PBXResourcesBuildPhase;
			buildActionMask = 2147483647;
			files = (
				E190D67A230F430B00034600 /* Pipelines in Resources */,
			);
			runOnlyForDeploymentPostprocessing = 0;
		};
		E1E11E0D230E60B900E86791 /* Resources */ = {
			isa = PBXResourcesBuildPhase;
			buildActionMask = 2147483647;
			files = (
				E190D67B230F430B00034600 /* Pipelines in Resources */,
			);
			runOnlyForDeploymentPostprocessing = 0;
		};
/* End PBXResourcesBuildPhase section */

/* Begin PBXSourcesBuildPhase section */
		E13C968B22E6482C00D6FEB0 /* Sources */ = {
			isa = PBXSourcesBuildPhase;
			buildActionMask = 2147483647;
			files = (
				E12EACED23EB4AE1007D6208 /* Int2Parameter.swift in Sources */,
				E159A34222E8F04400909A28 /* Material.swift in Sources */,
				E188243122F8E391001DC5E9 /* OrthographicCamera.swift in Sources */,
				E19FA5CF22E7CCA400A43BB4 /* Camera.swift in Sources */,
				E1936994233BC62400955737 /* BasicColorMaterial.swift in Sources */,
				E19FA5CB22E7CC3E00A43BB4 /* Mesh.swift in Sources */,
				E12625272346C897007DB8C6 /* ArcballPerspectiveCamera.swift in Sources */,
				E1D03FE823EA970A008FA401 /* Float2Parameter.swift in Sources */,
				E15B218C23061F4500A7038E /* PerspectiveCamera.swift in Sources */,
				E1D03FEC23EA9E47008FA401 /* Float3Parameter.swift in Sources */,
				E136103723299A0F00A01AFF /* CapsuleGeometry.swift in Sources */,
				E1D25E1E235A3235008F294A /* ArcballCameraController.swift in Sources */,
				E136103B2329B6A600A01AFF /* ParametricGeometry.swift in Sources */,
				E19FA60422E7D8FB00A43BB4 /* PlaneGeometry.swift in Sources */,
				E1B552C1236F860000BAF96D /* Parameter.swift in Sources */,
				E19369CF2342590500955737 /* ShadowMaterial.swift in Sources */,
				E1F3751C23222B9F00048102 /* FPSCameraController.swift in Sources */,
				E19B69602315E1D10001B1A8 /* FileWatcher.swift in Sources */,
				E19FA5C222E7CB6500A43BB4 /* Object.swift in Sources */,
				E1B552CA236F860000BAF96D /* StringParameter.swift in Sources */,
				E1670B8C2331C1C800107129 /* Pipelines.swift in Sources */,
				E1F3752623232FC300048102 /* ArcGeometry.swift in Sources */,
				E1B552C4236F860000BAF96D /* DoubleParameter.swift in Sources */,
				E1B552D0236F860000BAF96D /* FloatParameter.swift in Sources */,
				E1B552D3236F860000BAF96D /* IntParameter.swift in Sources */,
				E10E4F2C236FACC700073EE4 /* UniformBuffer.swift in Sources */,
				E13A6446231C25E90021CF4F /* SphereGeometry.swift in Sources */,
				E193699A233BCC5200955737 /* Paths.swift in Sources */,
				E19FA5BE22E7CB3E00A43BB4 /* Geometry.swift in Sources */,
				E193699E233BE4A500955737 /* Context.swift in Sources */,
				E1F3753423261B3500048102 /* ConeGeometry.swift in Sources */,
				E13F425B2316686900D94603 /* BoxGeometry.swift in Sources */,
				E1F375302326137D00048102 /* TorusGeometry.swift in Sources */,
				E19FA5D122E7CCB800A43BB4 /* Constants.swift in Sources */,
				E1F375222323185700048102 /* TriangleGeometry.swift in Sources */,
				E1B552CD236F860000BAF96D /* ParameterGroup.swift in Sources */,
				E13610312329834000A01AFF /* IcoSphereGeometry.swift in Sources */,
				E1B552BE236F860000BAF96D /* BoolParameter.swift in Sources */,
				E1F3751E2323120E00048102 /* CircleGeometry.swift in Sources */,
				E19FA5C922E7CC2200A43BB4 /* Vertex.swift in Sources */,
				E188243422F9F1EF001DC5E9 /* MetalFileCompiler.swift in Sources */,
				E16E1A2523F2844F0095561D /* Int3Parameter.swift in Sources */,
				E12625152344BF94007DB8C6 /* ShadowUniforms.swift in Sources */,
				E1D03FF023EAA18B008FA401 /* Float4Parameter.swift in Sources */,
				E19FA60022E7D89600A43BB4 /* Renderer.swift in Sources */,
				E19FA5CD22E7CC7900A43BB4 /* VertexUniforms.swift in Sources */,
				E16E1A2923F28A580095561D /* Int4Parameter.swift in Sources */,
				E19FA60822E8A9E200A43BB4 /* Map.swift in Sources */,
				E1670B9A2331C77E00107129 /* Simd+Extensions.swift in Sources */,
				E1B552C7236F860000BAF96D /* AnyParameter.swift in Sources */,
				E19FA60222E7D8A400A43BB4 /* Math.swift in Sources */,
				E10E4F21236F909700073EE4 /* ParameterParser.swift in Sources */,
				E1670B8A2331C04F00107129 /* GesturalCameraController.swift in Sources */,
				E1F3752C23256A7500048102 /* CylinderGeometry.swift in Sources */,
			);
			runOnlyForDeploymentPostprocessing = 0;
		};
		E19FA62122E8B65000A43BB4 /* Sources */ = {
			isa = PBXSourcesBuildPhase;
			buildActionMask = 2147483647;
			files = (
				E159A34322E8F04400909A28 /* Material.swift in Sources */,
				E1936995233BC62400955737 /* BasicColorMaterial.swift in Sources */,
				E1B552BF236F860000BAF96D /* BoolParameter.swift in Sources */,
				E188243222F8E391001DC5E9 /* OrthographicCamera.swift in Sources */,
				E1F3751F2323120E00048102 /* CircleGeometry.swift in Sources */,
				E1B552D4236F860000BAF96D /* IntParameter.swift in Sources */,
				E16E1A2A23F28A580095561D /* Int4Parameter.swift in Sources */,
				E12625162344BF94007DB8C6 /* ShadowUniforms.swift in Sources */,
				E19FA62F22E8B6F400A43BB4 /* Math.swift in Sources */,
				E1B552CE236F860000BAF96D /* ParameterGroup.swift in Sources */,
				E19FA63022E8B6F400A43BB4 /* Map.swift in Sources */,
				E1B552C5236F860000BAF96D /* DoubleParameter.swift in Sources */,
				E15B218D23061F4500A7038E /* PerspectiveCamera.swift in Sources */,
				E12EACEE23EB4AE1007D6208 /* Int2Parameter.swift in Sources */,
				E193699B233BCC5200955737 /* Paths.swift in Sources */,
				E19FA63122E8B6F400A43BB4 /* Camera.swift in Sources */,
				E1D25E23235A8706008F294A /* ArcballCameraController.swift in Sources */,
				E136103823299A0F00A01AFF /* CapsuleGeometry.swift in Sources */,
				E19FA63222E8B6F400A43BB4 /* Renderer.swift in Sources */,
				E12625282346C897007DB8C6 /* ArcballPerspectiveCamera.swift in Sources */,
				E19FA63322E8B6F400A43BB4 /* Constants.swift in Sources */,
				E1B552D1236F860000BAF96D /* FloatParameter.swift in Sources */,
				E19FA63422E8B6F400A43BB4 /* Vertex.swift in Sources */,
				E193699F233BE4A500955737 /* Context.swift in Sources */,
				E1670B8D2331C1C800107129 /* Pipelines.swift in Sources */,
				E1B552CB236F860000BAF96D /* StringParameter.swift in Sources */,
				E13F425C2316686900D94603 /* BoxGeometry.swift in Sources */,
				E16E1A2623F2844F0095561D /* Int3Parameter.swift in Sources */,
				E19FA63522E8B6F400A43BB4 /* VertexUniforms.swift in Sources */,
				E1B552C8236F860000BAF96D /* AnyParameter.swift in Sources */,
				E19369D02342590500955737 /* ShadowMaterial.swift in Sources */,
				E19B69612315E1D10001B1A8 /* FileWatcher.swift in Sources */,
				E188243522F9F1EF001DC5E9 /* MetalFileCompiler.swift in Sources */,
				E1F3753523261B3500048102 /* ConeGeometry.swift in Sources */,
				E1B552C2236F860000BAF96D /* Parameter.swift in Sources */,
				E13610322329834000A01AFF /* IcoSphereGeometry.swift in Sources */,
				E1D03FE923EA970A008FA401 /* Float2Parameter.swift in Sources */,
				E136103C2329B6A600A01AFF /* ParametricGeometry.swift in Sources */,
				E1670B9B2331C77E00107129 /* Simd+Extensions.swift in Sources */,
				E1F3752723232FC300048102 /* ArcGeometry.swift in Sources */,
				E19FA63622E8B6F400A43BB4 /* Object.swift in Sources */,
				E1F375232323185700048102 /* TriangleGeometry.swift in Sources */,
				E1F3752D23256A7500048102 /* CylinderGeometry.swift in Sources */,
				E1F375312326137D00048102 /* TorusGeometry.swift in Sources */,
				E1D03FF123EAA18B008FA401 /* Float4Parameter.swift in Sources */,
				E10E4F2D236FACC700073EE4 /* UniformBuffer.swift in Sources */,
				E1D03FED23EA9E47008FA401 /* Float3Parameter.swift in Sources */,
				E10E4F22236F909700073EE4 /* ParameterParser.swift in Sources */,
				E13A6447231C25E90021CF4F /* SphereGeometry.swift in Sources */,
				E19FA63722E8B6F400A43BB4 /* Mesh.swift in Sources */,
				E19FA63822E8B6F400A43BB4 /* Geometry.swift in Sources */,
				E19FA63922E8B6F400A43BB4 /* PlaneGeometry.swift in Sources */,
			);
			runOnlyForDeploymentPostprocessing = 0;
		};
		E1E11E0B230E60B900E86791 /* Sources */ = {
			isa = PBXSourcesBuildPhase;
			buildActionMask = 2147483647;
			files = (
				E1E11E21230E619D00E86791 /* Renderer.swift in Sources */,
				E1936996233BC62400955737 /* BasicColorMaterial.swift in Sources */,
				E1B552C0236F860000BAF96D /* BoolParameter.swift in Sources */,
				E1E11E27230E61AC00E86791 /* Geometry.swift in Sources */,
				E1F375202323120E00048102 /* CircleGeometry.swift in Sources */,
				E1B552D5236F860000BAF96D /* IntParameter.swift in Sources */,
				E16E1A2B23F28A580095561D /* Int4Parameter.swift in Sources */,
				E12625172344BF94007DB8C6 /* ShadowUniforms.swift in Sources */,
				E1E11E26230E61A800E86791 /* Mesh.swift in Sources */,
				E1B552CF236F860000BAF96D /* ParameterGroup.swift in Sources */,
				E1E11E24230E61A200E86791 /* VertexUniforms.swift in Sources */,
				E1B552C6236F860000BAF96D /* DoubleParameter.swift in Sources */,
				E1E11E1B230E618F00E86791 /* Material.swift in Sources */,
				E12EACEF23EB4AE1007D6208 /* Int2Parameter.swift in Sources */,
				E193699C233BCC5200955737 /* Paths.swift in Sources */,
				E1E11E1E230E619900E86791 /* Camera.swift in Sources */,
				E136103923299A0F00A01AFF /* CapsuleGeometry.swift in Sources */,
				E1E11E28230E61AC00E86791 /* PlaneGeometry.swift in Sources */,
				E12625292346C897007DB8C6 /* ArcballPerspectiveCamera.swift in Sources */,
				E1E11E23230E61A200E86791 /* Vertex.swift in Sources */,
				E1E11E20230E619900E86791 /* PerspectiveCamera.swift in Sources */,
				E1B552D2236F860000BAF96D /* FloatParameter.swift in Sources */,
				E19369A0233BE4A500955737 /* Context.swift in Sources */,
				E1670B8E2331C1C800107129 /* Pipelines.swift in Sources */,
				E13F425D2316686900D94603 /* BoxGeometry.swift in Sources */,
				E1B552CC236F860000BAF96D /* StringParameter.swift in Sources */,
				E1E11E1A230E618600E86791 /* MetalFileCompiler.swift in Sources */,
				E16E1A2723F2844F0095561D /* Int3Parameter.swift in Sources */,
				E19369D12342590500955737 /* ShadowMaterial.swift in Sources */,
				E1B552C9236F860000BAF96D /* AnyParameter.swift in Sources */,
				E19B69622315E1D10001B1A8 /* FileWatcher.swift in Sources */,
				E1E11E22230E61A200E86791 /* Constants.swift in Sources */,
				E1F3753623261B3500048102 /* ConeGeometry.swift in Sources */,
				E13610332329834000A01AFF /* IcoSphereGeometry.swift in Sources */,
				E1B552C3236F860000BAF96D /* Parameter.swift in Sources */,
				E136103D2329B6A600A01AFF /* ParametricGeometry.swift in Sources */,
				E1D03FEA23EA970A008FA401 /* Float2Parameter.swift in Sources */,
				E1670B9C2331C77E00107129 /* Simd+Extensions.swift in Sources */,
				E1F3752823232FC300048102 /* ArcGeometry.swift in Sources */,
				E1E11E1D230E619500E86791 /* Map.swift in Sources */,
				E1D25E24235A8995008F294A /* ArcballCameraController.swift in Sources */,
				E1F375242323185700048102 /* TriangleGeometry.swift in Sources */,
				E1F3752E23256A7500048102 /* CylinderGeometry.swift in Sources */,
				E1F375322326137D00048102 /* TorusGeometry.swift in Sources */,
				E1D03FF223EAA18B008FA401 /* Float4Parameter.swift in Sources */,
				E10E4F2E236FACC700073EE4 /* UniformBuffer.swift in Sources */,
				E1D03FEE23EA9E47008FA401 /* Float3Parameter.swift in Sources */,
				E10E4F23236F909700073EE4 /* ParameterParser.swift in Sources */,
				E13A6448231C25E90021CF4F /* SphereGeometry.swift in Sources */,
				E1E11E1F230E619900E86791 /* OrthographicCamera.swift in Sources */,
				E1E11E25230E61A800E86791 /* Object.swift in Sources */,
				E1E11E1C230E619500E86791 /* Math.swift in Sources */,
			);
			runOnlyForDeploymentPostprocessing = 0;
		};
/* End PBXSourcesBuildPhase section */

/* Begin XCBuildConfiguration section */
		E13C969522E6482C00D6FEB0 /* Debug */ = {
			isa = XCBuildConfiguration;
			buildSettings = {
				ALWAYS_SEARCH_USER_PATHS = NO;
				CLANG_ANALYZER_NONNULL = YES;
				CLANG_ANALYZER_NUMBER_OBJECT_CONVERSION = YES_AGGRESSIVE;
				CLANG_CXX_LANGUAGE_STANDARD = "gnu++14";
				CLANG_CXX_LIBRARY = "libc++";
				CLANG_ENABLE_MODULES = YES;
				CLANG_ENABLE_OBJC_ARC = YES;
				CLANG_ENABLE_OBJC_WEAK = YES;
				CLANG_WARN_BLOCK_CAPTURE_AUTORELEASING = YES;
				CLANG_WARN_BOOL_CONVERSION = YES;
				CLANG_WARN_COMMA = YES;
				CLANG_WARN_CONSTANT_CONVERSION = YES;
				CLANG_WARN_DEPRECATED_OBJC_IMPLEMENTATIONS = YES;
				CLANG_WARN_DIRECT_OBJC_ISA_USAGE = YES_ERROR;
				CLANG_WARN_DOCUMENTATION_COMMENTS = YES;
				CLANG_WARN_EMPTY_BODY = YES;
				CLANG_WARN_ENUM_CONVERSION = YES;
				CLANG_WARN_INFINITE_RECURSION = YES;
				CLANG_WARN_INT_CONVERSION = YES;
				CLANG_WARN_NON_LITERAL_NULL_CONVERSION = YES;
				CLANG_WARN_OBJC_IMPLICIT_RETAIN_SELF = YES;
				CLANG_WARN_OBJC_LITERAL_CONVERSION = YES;
				CLANG_WARN_OBJC_ROOT_CLASS = YES_ERROR;
				CLANG_WARN_RANGE_LOOP_ANALYSIS = YES;
				CLANG_WARN_STRICT_PROTOTYPES = YES;
				CLANG_WARN_SUSPICIOUS_MOVE = YES;
				CLANG_WARN_UNGUARDED_AVAILABILITY = YES_AGGRESSIVE;
				CLANG_WARN_UNREACHABLE_CODE = YES;
				CLANG_WARN__DUPLICATE_METHOD_MATCH = YES;
				COPY_PHASE_STRIP = NO;
				CURRENT_PROJECT_VERSION = 1;
				DEBUG_INFORMATION_FORMAT = dwarf;
				ENABLE_STRICT_OBJC_MSGSEND = YES;
				ENABLE_TESTABILITY = YES;
				GCC_C_LANGUAGE_STANDARD = gnu11;
				GCC_DYNAMIC_NO_PIC = NO;
				GCC_NO_COMMON_BLOCKS = YES;
				GCC_OPTIMIZATION_LEVEL = 0;
				GCC_PREPROCESSOR_DEFINITIONS = (
					"DEBUG=1",
					"$(inherited)",
				);
				GCC_WARN_64_TO_32_BIT_CONVERSION = YES;
				GCC_WARN_ABOUT_RETURN_TYPE = YES_ERROR;
				GCC_WARN_UNDECLARED_SELECTOR = YES;
				GCC_WARN_UNINITIALIZED_AUTOS = YES_AGGRESSIVE;
				GCC_WARN_UNUSED_FUNCTION = YES;
				GCC_WARN_UNUSED_VARIABLE = YES;
				MACOSX_DEPLOYMENT_TARGET = 10.15;
				MTL_ENABLE_DEBUG_INFO = INCLUDE_SOURCE;
				MTL_FAST_MATH = YES;
				ONLY_ACTIVE_ARCH = YES;
				SDKROOT = macosx;
				SWIFT_ACTIVE_COMPILATION_CONDITIONS = DEBUG;
				SWIFT_OPTIMIZATION_LEVEL = "-Onone";
				VERSIONING_SYSTEM = "apple-generic";
				VERSION_INFO_PREFIX = "";
			};
			name = Debug;
		};
		E13C969622E6482C00D6FEB0 /* Release */ = {
			isa = XCBuildConfiguration;
			buildSettings = {
				ALWAYS_SEARCH_USER_PATHS = NO;
				CLANG_ANALYZER_NONNULL = YES;
				CLANG_ANALYZER_NUMBER_OBJECT_CONVERSION = YES_AGGRESSIVE;
				CLANG_CXX_LANGUAGE_STANDARD = "gnu++14";
				CLANG_CXX_LIBRARY = "libc++";
				CLANG_ENABLE_MODULES = YES;
				CLANG_ENABLE_OBJC_ARC = YES;
				CLANG_ENABLE_OBJC_WEAK = YES;
				CLANG_WARN_BLOCK_CAPTURE_AUTORELEASING = YES;
				CLANG_WARN_BOOL_CONVERSION = YES;
				CLANG_WARN_COMMA = YES;
				CLANG_WARN_CONSTANT_CONVERSION = YES;
				CLANG_WARN_DEPRECATED_OBJC_IMPLEMENTATIONS = YES;
				CLANG_WARN_DIRECT_OBJC_ISA_USAGE = YES_ERROR;
				CLANG_WARN_DOCUMENTATION_COMMENTS = YES;
				CLANG_WARN_EMPTY_BODY = YES;
				CLANG_WARN_ENUM_CONVERSION = YES;
				CLANG_WARN_INFINITE_RECURSION = YES;
				CLANG_WARN_INT_CONVERSION = YES;
				CLANG_WARN_NON_LITERAL_NULL_CONVERSION = YES;
				CLANG_WARN_OBJC_IMPLICIT_RETAIN_SELF = YES;
				CLANG_WARN_OBJC_LITERAL_CONVERSION = YES;
				CLANG_WARN_OBJC_ROOT_CLASS = YES_ERROR;
				CLANG_WARN_RANGE_LOOP_ANALYSIS = YES;
				CLANG_WARN_STRICT_PROTOTYPES = YES;
				CLANG_WARN_SUSPICIOUS_MOVE = YES;
				CLANG_WARN_UNGUARDED_AVAILABILITY = YES_AGGRESSIVE;
				CLANG_WARN_UNREACHABLE_CODE = YES;
				CLANG_WARN__DUPLICATE_METHOD_MATCH = YES;
				COPY_PHASE_STRIP = NO;
				CURRENT_PROJECT_VERSION = 1;
				DEBUG_INFORMATION_FORMAT = "dwarf-with-dsym";
				ENABLE_NS_ASSERTIONS = NO;
				ENABLE_STRICT_OBJC_MSGSEND = YES;
				GCC_C_LANGUAGE_STANDARD = gnu11;
				GCC_NO_COMMON_BLOCKS = YES;
				GCC_WARN_64_TO_32_BIT_CONVERSION = YES;
				GCC_WARN_ABOUT_RETURN_TYPE = YES_ERROR;
				GCC_WARN_UNDECLARED_SELECTOR = YES;
				GCC_WARN_UNINITIALIZED_AUTOS = YES_AGGRESSIVE;
				GCC_WARN_UNUSED_FUNCTION = YES;
				GCC_WARN_UNUSED_VARIABLE = YES;
				MACOSX_DEPLOYMENT_TARGET = 10.15;
				MTL_ENABLE_DEBUG_INFO = NO;
				MTL_FAST_MATH = YES;
				SDKROOT = macosx;
				SWIFT_COMPILATION_MODE = wholemodule;
				SWIFT_OPTIMIZATION_LEVEL = "-O";
				VERSIONING_SYSTEM = "apple-generic";
				VERSION_INFO_PREFIX = "";
			};
			name = Release;
		};
		E13C969822E6482C00D6FEB0 /* Debug */ = {
			isa = XCBuildConfiguration;
			buildSettings = {
				CLANG_ENABLE_MODULES = YES;
				CODE_SIGN_IDENTITY = "Apple Development";
				CODE_SIGN_STYLE = Automatic;
				COMBINE_HIDPI_IMAGES = YES;
				DEFINES_MODULE = YES;
				DEVELOPMENT_TEAM = CC7PU3PUHS;
				DYLIB_COMPATIBILITY_VERSION = 1;
				DYLIB_CURRENT_VERSION = 1;
				DYLIB_INSTALL_NAME_BASE = "@rpath";
				FRAMEWORK_VERSION = A;
				INFOPLIST_FILE = Satin/Info.plist;
				INSTALL_PATH = "$(LOCAL_LIBRARY_DIR)/Frameworks";
				LD_RUNPATH_SEARCH_PATHS = (
					"$(inherited)",
					"@executable_path/../Frameworks",
					"@loader_path/Frameworks",
				);
				PRODUCT_BUNDLE_IDENTIFIER = com.syedrezaali.Satin;
				PRODUCT_NAME = Satin;
				PROVISIONING_PROFILE_SPECIFIER = "";
				SKIP_INSTALL = YES;
				SWIFT_OPTIMIZATION_LEVEL = "-Onone";
				SWIFT_VERSION = 5.0;
			};
			name = Debug;
		};
		E13C969922E6482C00D6FEB0 /* Release */ = {
			isa = XCBuildConfiguration;
			buildSettings = {
				CLANG_ENABLE_MODULES = YES;
				CODE_SIGN_IDENTITY = "Apple Development";
				CODE_SIGN_STYLE = Automatic;
				COMBINE_HIDPI_IMAGES = YES;
				DEFINES_MODULE = YES;
				DEVELOPMENT_TEAM = CC7PU3PUHS;
				DYLIB_COMPATIBILITY_VERSION = 1;
				DYLIB_CURRENT_VERSION = 1;
				DYLIB_INSTALL_NAME_BASE = "@rpath";
				FRAMEWORK_VERSION = A;
				INFOPLIST_FILE = Satin/Info.plist;
				INSTALL_PATH = "$(LOCAL_LIBRARY_DIR)/Frameworks";
				LD_RUNPATH_SEARCH_PATHS = (
					"$(inherited)",
					"@executable_path/../Frameworks",
					"@loader_path/Frameworks",
				);
				PRODUCT_BUNDLE_IDENTIFIER = com.syedrezaali.Satin;
				PRODUCT_NAME = Satin;
				PROVISIONING_PROFILE_SPECIFIER = "";
				SKIP_INSTALL = YES;
				SWIFT_VERSION = 5.0;
			};
			name = Release;
		};
		E19FA62B22E8B65000A43BB4 /* Debug */ = {
			isa = XCBuildConfiguration;
			buildSettings = {
				CODE_SIGN_IDENTITY = "Apple Development";
				CODE_SIGN_STYLE = Automatic;
				DEFINES_MODULE = YES;
				DEVELOPMENT_TEAM = CC7PU3PUHS;
				DYLIB_COMPATIBILITY_VERSION = 1;
				DYLIB_CURRENT_VERSION = 1;
				DYLIB_INSTALL_NAME_BASE = "@rpath";
				INFOPLIST_FILE = Satin/Info.plist;
				INSTALL_PATH = "$(LOCAL_LIBRARY_DIR)/Frameworks";
				IPHONEOS_DEPLOYMENT_TARGET = 13.0;
				LD_RUNPATH_SEARCH_PATHS = (
					"$(inherited)",
					"@executable_path/Frameworks",
					"@loader_path/Frameworks",
				);
				PRODUCT_BUNDLE_IDENTIFIER = com.syedrezaali.Satin;
				PRODUCT_NAME = Satin;
				SDKROOT = iphoneos;
				SKIP_INSTALL = YES;
				SWIFT_VERSION = 5.0;
				TARGETED_DEVICE_FAMILY = "1,2";
			};
			name = Debug;
		};
		E19FA62C22E8B65000A43BB4 /* Release */ = {
			isa = XCBuildConfiguration;
			buildSettings = {
				CODE_SIGN_IDENTITY = "Apple Development";
				CODE_SIGN_STYLE = Automatic;
				DEFINES_MODULE = YES;
				DEVELOPMENT_TEAM = CC7PU3PUHS;
				DYLIB_COMPATIBILITY_VERSION = 1;
				DYLIB_CURRENT_VERSION = 1;
				DYLIB_INSTALL_NAME_BASE = "@rpath";
				INFOPLIST_FILE = Satin/Info.plist;
				INSTALL_PATH = "$(LOCAL_LIBRARY_DIR)/Frameworks";
				IPHONEOS_DEPLOYMENT_TARGET = 13.0;
				LD_RUNPATH_SEARCH_PATHS = (
					"$(inherited)",
					"@executable_path/Frameworks",
					"@loader_path/Frameworks",
				);
				PRODUCT_BUNDLE_IDENTIFIER = com.syedrezaali.Satin;
				PRODUCT_NAME = Satin;
				SDKROOT = iphoneos;
				SKIP_INSTALL = YES;
				SWIFT_VERSION = 5.0;
				TARGETED_DEVICE_FAMILY = "1,2";
				VALIDATE_PRODUCT = YES;
			};
			name = Release;
		};
		E1E11E14230E60B900E86791 /* Debug */ = {
			isa = XCBuildConfiguration;
			buildSettings = {
				CODE_SIGN_IDENTITY = "";
				CODE_SIGN_STYLE = Automatic;
				DEFINES_MODULE = YES;
				DEVELOPMENT_TEAM = CC7PU3PUHS;
				DYLIB_COMPATIBILITY_VERSION = 1;
				DYLIB_CURRENT_VERSION = 1;
				DYLIB_INSTALL_NAME_BASE = "@rpath";
				INFOPLIST_FILE = "$(SRCROOT)/Satin/Info.plist";
				INSTALL_PATH = "$(LOCAL_LIBRARY_DIR)/Frameworks";
				LD_RUNPATH_SEARCH_PATHS = (
					"$(inherited)",
					"@executable_path/Frameworks",
					"@loader_path/Frameworks",
				);
				PRODUCT_BUNDLE_IDENTIFIER = "com.syedrezaali.Satin-tvOS";
				PRODUCT_NAME = Satin;
				SDKROOT = appletvos;
				SKIP_INSTALL = YES;
				SWIFT_VERSION = 5.0;
				TARGETED_DEVICE_FAMILY = 3;
				TVOS_DEPLOYMENT_TARGET = 13.0;
			};
			name = Debug;
		};
		E1E11E15230E60B900E86791 /* Release */ = {
			isa = XCBuildConfiguration;
			buildSettings = {
				CODE_SIGN_IDENTITY = "";
				CODE_SIGN_STYLE = Automatic;
				DEFINES_MODULE = YES;
				DEVELOPMENT_TEAM = CC7PU3PUHS;
				DYLIB_COMPATIBILITY_VERSION = 1;
				DYLIB_CURRENT_VERSION = 1;
				DYLIB_INSTALL_NAME_BASE = "@rpath";
				INFOPLIST_FILE = "$(SRCROOT)/Satin/Info.plist";
				INSTALL_PATH = "$(LOCAL_LIBRARY_DIR)/Frameworks";
				LD_RUNPATH_SEARCH_PATHS = (
					"$(inherited)",
					"@executable_path/Frameworks",
					"@loader_path/Frameworks",
				);
				PRODUCT_BUNDLE_IDENTIFIER = "com.syedrezaali.Satin-tvOS";
				PRODUCT_NAME = Satin;
				SDKROOT = appletvos;
				SKIP_INSTALL = YES;
				SWIFT_VERSION = 5.0;
				TARGETED_DEVICE_FAMILY = 3;
				TVOS_DEPLOYMENT_TARGET = 13.0;
				VALIDATE_PRODUCT = YES;
			};
			name = Release;
		};
/* End XCBuildConfiguration section */

/* Begin XCConfigurationList section */
		E13C968922E6482C00D6FEB0 /* Build configuration list for PBXProject "Satin" */ = {
			isa = XCConfigurationList;
			buildConfigurations = (
				E13C969522E6482C00D6FEB0 /* Debug */,
				E13C969622E6482C00D6FEB0 /* Release */,
			);
			defaultConfigurationIsVisible = 0;
			defaultConfigurationName = Release;
		};
		E13C969722E6482C00D6FEB0 /* Build configuration list for PBXNativeTarget "Satin-macOS" */ = {
			isa = XCConfigurationList;
			buildConfigurations = (
				E13C969822E6482C00D6FEB0 /* Debug */,
				E13C969922E6482C00D6FEB0 /* Release */,
			);
			defaultConfigurationIsVisible = 0;
			defaultConfigurationName = Release;
		};
		E19FA62A22E8B65000A43BB4 /* Build configuration list for PBXNativeTarget "Satin-iOS" */ = {
			isa = XCConfigurationList;
			buildConfigurations = (
				E19FA62B22E8B65000A43BB4 /* Debug */,
				E19FA62C22E8B65000A43BB4 /* Release */,
			);
			defaultConfigurationIsVisible = 0;
			defaultConfigurationName = Release;
		};
		E1E11E16230E60B900E86791 /* Build configuration list for PBXNativeTarget "Satin-tvOS" */ = {
			isa = XCConfigurationList;
			buildConfigurations = (
				E1E11E14230E60B900E86791 /* Debug */,
				E1E11E15230E60B900E86791 /* Release */,
			);
			defaultConfigurationIsVisible = 0;
			defaultConfigurationName = Release;
		};
/* End XCConfigurationList section */
	};
	rootObject = E13C968622E6482C00D6FEB0 /* Project object */;
}
