{
  "object": {
    "pins": [
      {
        "package": "Spectra",
        "repositoryURL": "https://github.com/Hi-Rez/Spectra",
        "state": {
          "branch": "master",
          "revision": "43a24736252863edfbde73e1d3754d7ecdcf46fe",
          "version": null
        }
      }
    ]
  },
  "version": 1
}
